
Microsoft Visual Studio Solution File, Format Version 12.00
# Visual Studio Version 17
VisualStudioVersion = 17.2.32526.322
MinimumVisualStudioVersion = 10.0.40219.1
Project("{9A19103F-16F7-4668-BE54-9A1E7A4F7556}") = "FunBooksAndVideos.Contracts", "FunBooksAndVideos.Model\FunBooksAndVideos.Contracts.csproj", "{F5EAAFAC-F885-4902-801B-DD05C3C7DFE0}"
EndProject
Project("{9A19103F-16F7-4668-BE54-9A1E7A4F7556}") = "FunBooksAndVideos.BusinessLogic", "FunBooksAndVideos.BusinessLogic\FunBooksAndVideos.BusinessLogic.csproj", "{80250B86-225E-4766-92E0-F85A530205AF}"
EndProject
Project("{9A19103F-16F7-4668-BE54-9A1E7A4F7556}") = "FunBooksAndVideos.Repository", "FunBooksAndVideos.Repository\FunBooksAndVideos.Repository.csproj", "{4EAD34B3-763D-497F-BF82-8431D3BA5BA5}"
EndProject
Project("{9A19103F-16F7-4668-BE54-9A1E7A4F7556}") = "FunBooksAndVideos.UnitTests", "FunBooksAndVideos.UnitTests\FunBooksAndVideos.UnitTests.csproj", "{8B498292-E56A-45A0-91E7-BB7371768C72}"
EndProject
Project("{FAE04EC0-301F-11D3-BF4B-00C04F79EFBC}") = "FunBooksAndVideos.Api", "FunBooksAndVideos.Api\FunBooksAndVideos.Api.csproj", "{A2F7A45E-BF42-4CD1-944B-21E5E6BD9613}"
EndProject
Global
	GlobalSection(SolutionConfigurationPlatforms) = preSolution
		Debug|Any CPU = Debug|Any CPU
		Release|Any CPU = Release|Any CPU
	EndGlobalSection
	GlobalSection(ProjectConfigurationPlatforms) = postSolution
		{F5EAAFAC-F885-4902-801B-DD05C3C7DFE0}.Debug|Any CPU.ActiveCfg = Debug|Any CPU
		{F5EAAFAC-F885-4902-801B-DD05C3C7DFE0}.Debug|Any CPU.Build.0 = Debug|Any CPU
		{F5EAAFAC-F885-4902-801B-DD05C3C7DFE0}.Release|Any CPU.ActiveCfg = Release|Any CPU
		{F5EAAFAC-F885-4902-801B-DD05C3C7DFE0}.Release|Any CPU.Build.0 = Release|Any CPU
		{80250B86-225E-4766-92E0-F85A530205AF}.Debug|Any CPU.ActiveCfg = Debug|Any CPU
		{80250B86-225E-4766-92E0-F85A530205AF}.Debug|Any CPU.Build.0 = Debug|Any CPU
		{80250B86-225E-4766-92E0-F85A530205AF}.Release|Any CPU.ActiveCfg = Release|Any CPU
		{80250B86-225E-4766-92E0-F85A530205AF}.Release|Any CPU.Build.0 = Release|Any CPU
		{4EAD34B3-763D-497F-BF82-8431D3BA5BA5}.Debug|Any CPU.ActiveCfg = Debug|Any CPU
		{4EAD34B3-763D-497F-BF82-8431D3BA5BA5}.Debug|Any CPU.Build.0 = Debug|Any CPU
		{4EAD34B3-763D-497F-BF82-8431D3BA5BA5}.Release|Any CPU.ActiveCfg = Release|Any CPU
		{4EAD34B3-763D-497F-BF82-8431D3BA5BA5}.Release|Any CPU.Build.0 = Release|Any CPU
		{8B498292-E56A-45A0-91E7-BB7371768C72}.Debug|Any CPU.ActiveCfg = Debug|Any CPU
		{8B498292-E56A-45A0-91E7-BB7371768C72}.Debug|Any CPU.Build.0 = Debug|Any CPU
		{8B498292-E56A-45A0-91E7-BB7371768C72}.Release|Any CPU.ActiveCfg = Release|Any CPU
		{8B498292-E56A-45A0-91E7-BB7371768C72}.Release|Any CPU.Build.0 = Release|Any CPU
		{A2F7A45E-BF42-4CD1-944B-21E5E6BD9613}.Debug|Any CPU.ActiveCfg = Debug|Any CPU
		{A2F7A45E-BF42-4CD1-944B-21E5E6BD9613}.Debug|Any CPU.Build.0 = Debug|Any CPU
		{A2F7A45E-BF42-4CD1-944B-21E5E6BD9613}.Release|Any CPU.ActiveCfg = Release|Any CPU
		{A2F7A45E-BF42-4CD1-944B-21E5E6BD9613}.Release|Any CPU.Build.0 = Release|Any CPU
	EndGlobalSection
	GlobalSection(SolutionProperties) = preSolution
		HideSolutionNode = FALSE
	EndGlobalSection
	GlobalSection(ExtensibilityGlobals) = postSolution
		SolutionGuid = {B70FA7BE-EF55-4308-9F19-0866BD44E883}
	EndGlobalSection
EndGlobal
